
Microsoft Visual Studio Solution File, Format Version 12.00
# Visual Studio Version 16
VisualStudioVersion = 16.0.31424.327
MinimumVisualStudioVersion = 10.0.40219.1
Project("{FAE04EC0-301F-11D3-BF4B-00C04F79EFBC}") = "AbstractFactory", "AbstractFactory\AbstractFactory.csproj", "{D6D06663-B5C8-42D9-B949-1ECC87003088}"
EndProject
Global
	GlobalSection(SolutionConfigurationPlatforms) = preSolution
		Debug|Any CPU = Debug|Any CPU
		Release|Any CPU = Release|Any CPU
	EndGlobalSection
	GlobalSection(ProjectConfigurationPlatforms) = postSolution
		{D6D06663-B5C8-42D9-B949-1ECC87003088}.Debug|Any CPU.ActiveCfg = Debug|Any CPU
		{D6D06663-B5C8-42D9-B949-1ECC87003088}.Debug|Any CPU.Build.0 = Debug|Any CPU
		{D6D06663-B5C8-42D9-B949-1ECC87003088}.Release|Any CPU.ActiveCfg = Release|Any CPU
		{D6D06663-B5C8-42D9-B949-1ECC87003088}.Release|Any CPU.Build.0 = Release|Any CPU
	EndGlobalSection
	GlobalSection(SolutionProperties) = preSolution
		HideSolutionNode = FALSE
	EndGlobalSection
	GlobalSection(ExtensibilityGlobals) = postSolution
		SolutionGuid = {63DFFCED-3EE9-4D9B-9BD0-60493243E453}
	EndGlobalSection
EndGlobal
